
Microsoft Visual Studio Solution File, Format Version 12.00
# Visual Studio Version 17
VisualStudioVersion = 17.6.33712.159
MinimumVisualStudioVersion = 10.0.40219.1
Project("{FAE04EC0-301F-11D3-BF4B-00C04F79EFBC}") = "prob_10", "prob_10\prob_10.csproj", "{716BCA70-82B8-4079-8BF6-9B369875766F}"
EndProject
Global
	GlobalSection(SolutionConfigurationPlatforms) = preSolution
		Debug|Any CPU = Debug|Any CPU
		Release|Any CPU = Release|Any CPU
	EndGlobalSection
	GlobalSection(ProjectConfigurationPlatforms) = postSolution
		{716BCA70-82B8-4079-8BF6-9B369875766F}.Debug|Any CPU.ActiveCfg = Debug|Any CPU
		{716BCA70-82B8-4079-8BF6-9B369875766F}.Debug|Any CPU.Build.0 = Debug|Any CPU
		{716BCA70-82B8-4079-8BF6-9B369875766F}.Release|Any CPU.ActiveCfg = Release|Any CPU
		{716BCA70-82B8-4079-8BF6-9B369875766F}.Release|Any CPU.Build.0 = Release|Any CPU
	EndGlobalSection
	GlobalSection(SolutionProperties) = preSolution
		HideSolutionNode = FALSE
	EndGlobalSection
	GlobalSection(ExtensibilityGlobals) = postSolution
		SolutionGuid = {1F3276AD-FDF7-4012-82E8-5A08362785DA}
	EndGlobalSection
EndGlobal
